// !$*UTF8*$!
{
	archiveVersion = 1;
	classes = {
	};
	objectVersion = 56;
	objects = {

/* Begin PBXBuildFile section */
		0A1214BE29491C9E002A256B /* CitiesPageController.swift in Sources */ = {isa = PBXBuildFile; fileRef = 0A1214BD29491C9E002A256B /* CitiesPageController.swift */; };
		0A1214C029491D94002A256B /* BlankCityViewController.swift in Sources */ = {isa = PBXBuildFile; fileRef = 0A1214BF29491D94002A256B /* BlankCityViewController.swift */; };
		0A1214C229491F3C002A256B /* CityViewController.swift in Sources */ = {isa = PBXBuildFile; fileRef = 0A1214C129491F3C002A256B /* CityViewController.swift */; };
		0A1214C429491F4F002A256B /* HoursViewController.swift in Sources */ = {isa = PBXBuildFile; fileRef = 0A1214C329491F4F002A256B /* HoursViewController.swift */; };
		0A1214C629491F6C002A256B /* AllDayViewController.swift in Sources */ = {isa = PBXBuildFile; fileRef = 0A1214C529491F6C002A256B /* AllDayViewController.swift */; };
		0A1214C829491F80002A256B /* SettingsViewController.swift in Sources */ = {isa = PBXBuildFile; fileRef = 0A1214C729491F80002A256B /* SettingsViewController.swift */; };
		0A1214CB294922CB002A256B /* StorageManager.swift in Sources */ = {isa = PBXBuildFile; fileRef = 0A1214CA294922CB002A256B /* StorageManager.swift */; };
		0A1214CE294A16DB002A256B /* CityControllerHeader.swift in Sources */ = {isa = PBXBuildFile; fileRef = 0A1214CD294A16DB002A256B /* CityControllerHeader.swift */; };
		0A1214D2294B3EFF002A256B /* DayMiniModel.swift in Sources */ = {isa = PBXBuildFile; fileRef = 0A1214D1294B3EFF002A256B /* DayMiniModel.swift */; };
		0A31C1B92947C43F00E4730E /* AppDelegate.swift in Sources */ = {isa = PBXBuildFile; fileRef = 0A31C1B82947C43F00E4730E /* AppDelegate.swift */; };
		0A31C1C32947C43F00E4730E /* Weather.xcdatamodeld in Sources */ = {isa = PBXBuildFile; fileRef = 0A31C1C12947C43F00E4730E /* Weather.xcdatamodeld */; };
		0A31C1C52947C43F00E4730E /* Assets.xcassets in Resources */ = {isa = PBXBuildFile; fileRef = 0A31C1C42947C43F00E4730E /* Assets.xcassets */; };
		0A31C1D02948A70300E4730E /* MainCoordinator.swift in Sources */ = {isa = PBXBuildFile; fileRef = 0A31C1CF2948A70300E4730E /* MainCoordinator.swift */; };
		0A31C1D22948A76D00E4730E /* OnBoardingViewController.swift in Sources */ = {isa = PBXBuildFile; fileRef = 0A31C1D12948A76D00E4730E /* OnBoardingViewController.swift */; };
		0A31C1D42948A9AC00E4730E /* SettingsManager.swift in Sources */ = {isa = PBXBuildFile; fileRef = 0A31C1D32948A9AC00E4730E /* SettingsManager.swift */; };
		0A31C1D62949142500E4730E /* LocationManager.swift in Sources */ = {isa = PBXBuildFile; fileRef = 0A31C1D52949142500E4730E /* LocationManager.swift */; };
		0AAAD39B294B6D0500537104 /* Rubik-MediumItalic.ttf in Resources */ = {isa = PBXBuildFile; fileRef = 0AAAD38D294B6D0500537104 /* Rubik-MediumItalic.ttf */; };
		0AAAD39C294B6D0500537104 /* Rubik-Bold.ttf in Resources */ = {isa = PBXBuildFile; fileRef = 0AAAD38E294B6D0500537104 /* Rubik-Bold.ttf */; };
		0AAAD39D294B6D0500537104 /* Rubik-SemiBoldItalic.ttf in Resources */ = {isa = PBXBuildFile; fileRef = 0AAAD38F294B6D0500537104 /* Rubik-SemiBoldItalic.ttf */; };
		0AAAD39E294B6D0500537104 /* Rubik-Light.ttf in Resources */ = {isa = PBXBuildFile; fileRef = 0AAAD390294B6D0500537104 /* Rubik-Light.ttf */; };
		0AAAD39F294B6D0500537104 /* Rubik-Medium.ttf in Resources */ = {isa = PBXBuildFile; fileRef = 0AAAD391294B6D0500537104 /* Rubik-Medium.ttf */; };
		0AAAD3A0294B6D0500537104 /* Rubik-ExtraBoldItalic.ttf in Resources */ = {isa = PBXBuildFile; fileRef = 0AAAD392294B6D0500537104 /* Rubik-ExtraBoldItalic.ttf */; };
		0AAAD3A1294B6D0500537104 /* Rubik-Black.ttf in Resources */ = {isa = PBXBuildFile; fileRef = 0AAAD393294B6D0500537104 /* Rubik-Black.ttf */; };
		0AAAD3A2294B6D0500537104 /* Rubik-Italic.ttf in Resources */ = {isa = PBXBuildFile; fileRef = 0AAAD394294B6D0500537104 /* Rubik-Italic.ttf */; };
		0AAAD3A3294B6D0500537104 /* Rubik-LightItalic.ttf in Resources */ = {isa = PBXBuildFile; fileRef = 0AAAD395294B6D0500537104 /* Rubik-LightItalic.ttf */; };
		0AAAD3A4294B6D0500537104 /* Rubik-SemiBold.ttf in Resources */ = {isa = PBXBuildFile; fileRef = 0AAAD396294B6D0500537104 /* Rubik-SemiBold.ttf */; };
		0AAAD3A5294B6D0500537104 /* Rubik-BlackItalic.ttf in Resources */ = {isa = PBXBuildFile; fileRef = 0AAAD397294B6D0500537104 /* Rubik-BlackItalic.ttf */; };
		0AAAD3A6294B6D0500537104 /* Rubik-ExtraBold.ttf in Resources */ = {isa = PBXBuildFile; fileRef = 0AAAD398294B6D0500537104 /* Rubik-ExtraBold.ttf */; };
		0AAAD3A7294B6D0500537104 /* Rubik-Regular.ttf in Resources */ = {isa = PBXBuildFile; fileRef = 0AAAD399294B6D0500537104 /* Rubik-Regular.ttf */; };
		0AAAD3A8294B6D0500537104 /* Rubik-BoldItalic.ttf in Resources */ = {isa = PBXBuildFile; fileRef = 0AAAD39A294B6D0500537104 /* Rubik-BoldItalic.ttf */; };
		0AAAD3AA294C9D0500537104 /* CityControllerHours.swift in Sources */ = {isa = PBXBuildFile; fileRef = 0AAAD3A9294C9D0500537104 /* CityControllerHours.swift */; };
		0AAAD3AC294C9DA000537104 /* DayHoursIconModel.swift in Sources */ = {isa = PBXBuildFile; fileRef = 0AAAD3AB294C9DA000537104 /* DayHoursIconModel.swift */; };
		0AAAD3AE294DF37600537104 /* HoursCollectionViewCell.swift in Sources */ = {isa = PBXBuildFile; fileRef = 0AAAD3AD294DF37600537104 /* HoursCollectionViewCell.swift */; };
		0AAAD3B0294E197E00537104 /* WeatherIconManager.swift in Sources */ = {isa = PBXBuildFile; fileRef = 0AAAD3AF294E197E00537104 /* WeatherIconManager.swift */; };
		0AAAD3B2294E20DD00537104 /* CityControllerDaysHeader.swift in Sources */ = {isa = PBXBuildFile; fileRef = 0AAAD3B1294E20DD00537104 /* CityControllerDaysHeader.swift */; };
		0AAAD3B4294E327400537104 /* CityControllerDayCell.swift in Sources */ = {isa = PBXBuildFile; fileRef = 0AAAD3B3294E327400537104 /* CityControllerDayCell.swift */; };
		0AAAD3B6294E42A100537104 /* CityDaysModel.swift in Sources */ = {isa = PBXBuildFile; fileRef = 0AAAD3B5294E42A100537104 /* CityDaysModel.swift */; };
		0AD8FDDA2951C77000606CA6 /* HoursControllerCell.swift in Sources */ = {isa = PBXBuildFile; fileRef = 0AD8FDD92951C77000606CA6 /* HoursControllerCell.swift */; };
		0AD8FDDD29550CB200606CA6 /* Charts in Frameworks */ = {isa = PBXBuildFile; productRef = 0AD8FDDC29550CB200606CA6 /* Charts */; };
		0AF603FA2955345A000F22E7 /* DayDetailView.swift in Sources */ = {isa = PBXBuildFile; fileRef = 0AF603F92955345A000F22E7 /* DayDetailView.swift */; };
		0AF603FC295ADCF3000F22E7 /* SettingsSwitch.swift in Sources */ = {isa = PBXBuildFile; fileRef = 0AF603FB295ADCF3000F22E7 /* SettingsSwitch.swift */; };
		0AF603FE295AF27D000F22E7 /* CityNamePicker.swift in Sources */ = {isa = PBXBuildFile; fileRef = 0AF603FD295AF27D000F22E7 /* CityNamePicker.swift */; };
		0AF60400295C4934000F22E7 /* NetworkManager.swift in Sources */ = {isa = PBXBuildFile; fileRef = 0AF603FF295C4934000F22E7 /* NetworkManager.swift */; };
		0AF60402295C7BE7000F22E7 /* CityDataCodable.swift in Sources */ = {isa = PBXBuildFile; fileRef = 0AF60401295C7BE7000F22E7 /* CityDataCodable.swift */; };
/* End PBXBuildFile section */

/* Begin PBXFileReference section */
		0A1214BD29491C9E002A256B /* CitiesPageController.swift */ = {isa = PBXFileReference; lastKnownFileType = sourcecode.swift; path = CitiesPageController.swift; sourceTree = "<group>"; };
		0A1214BF29491D94002A256B /* BlankCityViewController.swift */ = {isa = PBXFileReference; lastKnownFileType = sourcecode.swift; path = BlankCityViewController.swift; sourceTree = "<group>"; };
		0A1214C129491F3C002A256B /* CityViewController.swift */ = {isa = PBXFileReference; lastKnownFileType = sourcecode.swift; path = CityViewController.swift; sourceTree = "<group>"; };
		0A1214C329491F4F002A256B /* HoursViewController.swift */ = {isa = PBXFileReference; lastKnownFileType = sourcecode.swift; path = HoursViewController.swift; sourceTree = "<group>"; };
		0A1214C529491F6C002A256B /* AllDayViewController.swift */ = {isa = PBXFileReference; lastKnownFileType = sourcecode.swift; path = AllDayViewController.swift; sourceTree = "<group>"; };
		0A1214C729491F80002A256B /* SettingsViewController.swift */ = {isa = PBXFileReference; lastKnownFileType = sourcecode.swift; path = SettingsViewController.swift; sourceTree = "<group>"; };
		0A1214CA294922CB002A256B /* StorageManager.swift */ = {isa = PBXFileReference; lastKnownFileType = sourcecode.swift; path = StorageManager.swift; sourceTree = "<group>"; };
		0A1214CD294A16DB002A256B /* CityControllerHeader.swift */ = {isa = PBXFileReference; lastKnownFileType = sourcecode.swift; path = CityControllerHeader.swift; sourceTree = "<group>"; };
		0A1214D1294B3EFF002A256B /* DayMiniModel.swift */ = {isa = PBXFileReference; lastKnownFileType = sourcecode.swift; path = DayMiniModel.swift; sourceTree = "<group>"; };
		0A31C1B52947C43F00E4730E /* Weather.app */ = {isa = PBXFileReference; explicitFileType = wrapper.application; includeInIndex = 0; path = Weather.app; sourceTree = BUILT_PRODUCTS_DIR; };
		0A31C1B82947C43F00E4730E /* AppDelegate.swift */ = {isa = PBXFileReference; lastKnownFileType = sourcecode.swift; path = AppDelegate.swift; sourceTree = "<group>"; };
		0A31C1C22947C43F00E4730E /* Weather.xcdatamodel */ = {isa = PBXFileReference; lastKnownFileType = wrapper.xcdatamodel; path = Weather.xcdatamodel; sourceTree = "<group>"; };
		0A31C1C42947C43F00E4730E /* Assets.xcassets */ = {isa = PBXFileReference; lastKnownFileType = folder.assetcatalog; path = Assets.xcassets; sourceTree = "<group>"; };
		0A31C1C92947C43F00E4730E /* Info.plist */ = {isa = PBXFileReference; lastKnownFileType = text.plist.xml; path = Info.plist; sourceTree = "<group>"; };
		0A31C1CF2948A70300E4730E /* MainCoordinator.swift */ = {isa = PBXFileReference; lastKnownFileType = sourcecode.swift; path = MainCoordinator.swift; sourceTree = "<group>"; };
		0A31C1D12948A76D00E4730E /* OnBoardingViewController.swift */ = {isa = PBXFileReference; lastKnownFileType = sourcecode.swift; path = OnBoardingViewController.swift; sourceTree = "<group>"; };
		0A31C1D32948A9AC00E4730E /* SettingsManager.swift */ = {isa = PBXFileReference; lastKnownFileType = sourcecode.swift; path = SettingsManager.swift; sourceTree = "<group>"; };
		0A31C1D52949142500E4730E /* LocationManager.swift */ = {isa = PBXFileReference; lastKnownFileType = sourcecode.swift; path = LocationManager.swift; sourceTree = "<group>"; };
		0AAAD38D294B6D0500537104 /* Rubik-MediumItalic.ttf */ = {isa = PBXFileReference; lastKnownFileType = file; path = "Rubik-MediumItalic.ttf"; sourceTree = "<group>"; };
		0AAAD38E294B6D0500537104 /* Rubik-Bold.ttf */ = {isa = PBXFileReference; lastKnownFileType = file; path = "Rubik-Bold.ttf"; sourceTree = "<group>"; };
		0AAAD38F294B6D0500537104 /* Rubik-SemiBoldItalic.ttf */ = {isa = PBXFileReference; lastKnownFileType = file; path = "Rubik-SemiBoldItalic.ttf"; sourceTree = "<group>"; };
		0AAAD390294B6D0500537104 /* Rubik-Light.ttf */ = {isa = PBXFileReference; lastKnownFileType = file; path = "Rubik-Light.ttf"; sourceTree = "<group>"; };
		0AAAD391294B6D0500537104 /* Rubik-Medium.ttf */ = {isa = PBXFileReference; lastKnownFileType = file; path = "Rubik-Medium.ttf"; sourceTree = "<group>"; };
		0AAAD392294B6D0500537104 /* Rubik-ExtraBoldItalic.ttf */ = {isa = PBXFileReference; lastKnownFileType = file; path = "Rubik-ExtraBoldItalic.ttf"; sourceTree = "<group>"; };
		0AAAD393294B6D0500537104 /* Rubik-Black.ttf */ = {isa = PBXFileReference; lastKnownFileType = file; path = "Rubik-Black.ttf"; sourceTree = "<group>"; };
		0AAAD394294B6D0500537104 /* Rubik-Italic.ttf */ = {isa = PBXFileReference; lastKnownFileType = file; path = "Rubik-Italic.ttf"; sourceTree = "<group>"; };
		0AAAD395294B6D0500537104 /* Rubik-LightItalic.ttf */ = {isa = PBXFileReference; lastKnownFileType = file; path = "Rubik-LightItalic.ttf"; sourceTree = "<group>"; };
		0AAAD396294B6D0500537104 /* Rubik-SemiBold.ttf */ = {isa = PBXFileReference; lastKnownFileType = file; path = "Rubik-SemiBold.ttf"; sourceTree = "<group>"; };
		0AAAD397294B6D0500537104 /* Rubik-BlackItalic.ttf */ = {isa = PBXFileReference; lastKnownFileType = file; path = "Rubik-BlackItalic.ttf"; sourceTree = "<group>"; };
		0AAAD398294B6D0500537104 /* Rubik-ExtraBold.ttf */ = {isa = PBXFileReference; lastKnownFileType = file; path = "Rubik-ExtraBold.ttf"; sourceTree = "<group>"; };
		0AAAD399294B6D0500537104 /* Rubik-Regular.ttf */ = {isa = PBXFileReference; lastKnownFileType = file; path = "Rubik-Regular.ttf"; sourceTree = "<group>"; };
		0AAAD39A294B6D0500537104 /* Rubik-BoldItalic.ttf */ = {isa = PBXFileReference; lastKnownFileType = file; path = "Rubik-BoldItalic.ttf"; sourceTree = "<group>"; };
		0AAAD3A9294C9D0500537104 /* CityControllerHours.swift */ = {isa = PBXFileReference; lastKnownFileType = sourcecode.swift; path = CityControllerHours.swift; sourceTree = "<group>"; };
		0AAAD3AB294C9DA000537104 /* DayHoursIconModel.swift */ = {isa = PBXFileReference; lastKnownFileType = sourcecode.swift; path = DayHoursIconModel.swift; sourceTree = "<group>"; };
		0AAAD3AD294DF37600537104 /* HoursCollectionViewCell.swift */ = {isa = PBXFileReference; lastKnownFileType = sourcecode.swift; path = HoursCollectionViewCell.swift; sourceTree = "<group>"; };
		0AAAD3AF294E197E00537104 /* WeatherIconManager.swift */ = {isa = PBXFileReference; lastKnownFileType = sourcecode.swift; path = WeatherIconManager.swift; sourceTree = "<group>"; };
		0AAAD3B1294E20DD00537104 /* CityControllerDaysHeader.swift */ = {isa = PBXFileReference; lastKnownFileType = sourcecode.swift; path = CityControllerDaysHeader.swift; sourceTree = "<group>"; };
		0AAAD3B3294E327400537104 /* CityControllerDayCell.swift */ = {isa = PBXFileReference; lastKnownFileType = sourcecode.swift; path = CityControllerDayCell.swift; sourceTree = "<group>"; };
		0AAAD3B5294E42A100537104 /* CityDaysModel.swift */ = {isa = PBXFileReference; lastKnownFileType = sourcecode.swift; path = CityDaysModel.swift; sourceTree = "<group>"; };
		0AD8FDD92951C77000606CA6 /* HoursControllerCell.swift */ = {isa = PBXFileReference; lastKnownFileType = sourcecode.swift; path = HoursControllerCell.swift; sourceTree = "<group>"; };
		0AF603F92955345A000F22E7 /* DayDetailView.swift */ = {isa = PBXFileReference; lastKnownFileType = sourcecode.swift; path = DayDetailView.swift; sourceTree = "<group>"; };
		0AF603FB295ADCF3000F22E7 /* SettingsSwitch.swift */ = {isa = PBXFileReference; lastKnownFileType = sourcecode.swift; path = SettingsSwitch.swift; sourceTree = "<group>"; };
		0AF603FD295AF27D000F22E7 /* CityNamePicker.swift */ = {isa = PBXFileReference; lastKnownFileType = sourcecode.swift; path = CityNamePicker.swift; sourceTree = "<group>"; };
		0AF603FF295C4934000F22E7 /* NetworkManager.swift */ = {isa = PBXFileReference; lastKnownFileType = sourcecode.swift; path = NetworkManager.swift; sourceTree = "<group>"; };
		0AF60401295C7BE7000F22E7 /* CityDataCodable.swift */ = {isa = PBXFileReference; lastKnownFileType = sourcecode.swift; path = CityDataCodable.swift; sourceTree = "<group>"; };
/* End PBXFileReference section */

/* Begin PBXFrameworksBuildPhase section */
		0A31C1B22947C43F00E4730E /* Frameworks */ = {
			isa = PBXFrameworksBuildPhase;
			buildActionMask = 2147483647;
			files = (
				0AD8FDDD29550CB200606CA6 /* Charts in Frameworks */,
			);
			runOnlyForDeploymentPostprocessing = 0;
		};
/* End PBXFrameworksBuildPhase section */

/* Begin PBXGroup section */
		0A1214C929491F97002A256B /* ViewControllers */ = {
			isa = PBXGroup;
			children = (
				0A31C1D12948A76D00E4730E /* OnBoardingViewController.swift */,
				0A1214BD29491C9E002A256B /* CitiesPageController.swift */,
				0A1214BF29491D94002A256B /* BlankCityViewController.swift */,
				0A1214C129491F3C002A256B /* CityViewController.swift */,
				0A1214C329491F4F002A256B /* HoursViewController.swift */,
				0A1214C529491F6C002A256B /* AllDayViewController.swift */,
				0A1214C729491F80002A256B /* SettingsViewController.swift */,
			);
			path = ViewControllers;
			sourceTree = "<group>";
		};
		0A1214CC294A1628002A256B /* Views */ = {
			isa = PBXGroup;
			children = (
				0A1214CD294A16DB002A256B /* CityControllerHeader.swift */,
				0AAAD3A9294C9D0500537104 /* CityControllerHours.swift */,
				0AAAD3AD294DF37600537104 /* HoursCollectionViewCell.swift */,
				0AAAD3B1294E20DD00537104 /* CityControllerDaysHeader.swift */,
				0AAAD3B3294E327400537104 /* CityControllerDayCell.swift */,
				0AD8FDD92951C77000606CA6 /* HoursControllerCell.swift */,
				0AF603F92955345A000F22E7 /* DayDetailView.swift */,
				0AF603FB295ADCF3000F22E7 /* SettingsSwitch.swift */,
			);
			path = Views;
			sourceTree = "<group>";
		};
		0A1214CF294B3E0B002A256B /* Managers */ = {
			isa = PBXGroup;
			children = (
				0A31C1D52949142500E4730E /* LocationManager.swift */,
				0A1214CA294922CB002A256B /* StorageManager.swift */,
				0A31C1D32948A9AC00E4730E /* SettingsManager.swift */,
				0AAAD3AF294E197E00537104 /* WeatherIconManager.swift */,
				0AF603FF295C4934000F22E7 /* NetworkManager.swift */,
			);
			path = Managers;
			sourceTree = "<group>";
		};
		0A1214D0294B3E6D002A256B /* Models */ = {
			isa = PBXGroup;
			children = (
				0A1214D1294B3EFF002A256B /* DayMiniModel.swift */,
				0AAAD3AB294C9DA000537104 /* DayHoursIconModel.swift */,
				0AAAD3B5294E42A100537104 /* CityDaysModel.swift */,
				0AF60401295C7BE7000F22E7 /* CityDataCodable.swift */,
			);
			path = Models;
			sourceTree = "<group>";
		};
		0A31C1AC2947C43E00E4730E = {
			isa = PBXGroup;
			children = (
				0A31C1B72947C43F00E4730E /* Weather */,
				0A31C1B62947C43F00E4730E /* Products */,
			);
			sourceTree = "<group>";
		};
		0A31C1B62947C43F00E4730E /* Products */ = {
			isa = PBXGroup;
			children = (
				0A31C1B52947C43F00E4730E /* Weather.app */,
			);
			name = Products;
			sourceTree = "<group>";
		};
		0A31C1B72947C43F00E4730E /* Weather */ = {
			isa = PBXGroup;
			children = (
				0AAAD38C294B6D0500537104 /* Fonts */,
				0A1214D0294B3E6D002A256B /* Models */,
				0A1214CF294B3E0B002A256B /* Managers */,
				0A1214CC294A1628002A256B /* Views */,
				0A1214C929491F97002A256B /* ViewControllers */,
				0A31C1B82947C43F00E4730E /* AppDelegate.swift */,
				0A31C1C42947C43F00E4730E /* Assets.xcassets */,
				0A31C1C92947C43F00E4730E /* Info.plist */,
				0A31C1C12947C43F00E4730E /* Weather.xcdatamodeld */,
				0A31C1CF2948A70300E4730E /* MainCoordinator.swift */,
				0AF603FD295AF27D000F22E7 /* CityNamePicker.swift */,
			);
			path = Weather;
			sourceTree = "<group>";
		};
		0AAAD38C294B6D0500537104 /* Fonts */ = {
			isa = PBXGroup;
			children = (
				0AAAD38D294B6D0500537104 /* Rubik-MediumItalic.ttf */,
				0AAAD38E294B6D0500537104 /* Rubik-Bold.ttf */,
				0AAAD38F294B6D0500537104 /* Rubik-SemiBoldItalic.ttf */,
				0AAAD390294B6D0500537104 /* Rubik-Light.ttf */,
				0AAAD391294B6D0500537104 /* Rubik-Medium.ttf */,
				0AAAD392294B6D0500537104 /* Rubik-ExtraBoldItalic.ttf */,
				0AAAD393294B6D0500537104 /* Rubik-Black.ttf */,
				0AAAD394294B6D0500537104 /* Rubik-Italic.ttf */,
				0AAAD395294B6D0500537104 /* Rubik-LightItalic.ttf */,
				0AAAD396294B6D0500537104 /* Rubik-SemiBold.ttf */,
				0AAAD397294B6D0500537104 /* Rubik-BlackItalic.ttf */,
				0AAAD398294B6D0500537104 /* Rubik-ExtraBold.ttf */,
				0AAAD399294B6D0500537104 /* Rubik-Regular.ttf */,
				0AAAD39A294B6D0500537104 /* Rubik-BoldItalic.ttf */,
			);
			path = Fonts;
			sourceTree = "<group>";
		};
/* End PBXGroup section */

/* Begin PBXNativeTarget section */
		0A31C1B42947C43F00E4730E /* Weather */ = {
			isa = PBXNativeTarget;
			buildConfigurationList = 0A31C1CC2947C43F00E4730E /* Build configuration list for PBXNativeTarget "Weather" */;
			buildPhases = (
				0A31C1B12947C43F00E4730E /* Sources */,
				0A31C1B22947C43F00E4730E /* Frameworks */,
				0A31C1B32947C43F00E4730E /* Resources */,
			);
			buildRules = (
			);
			dependencies = (
			);
			name = Weather;
			packageProductDependencies = (
				0AD8FDDC29550CB200606CA6 /* Charts */,
			);
			productName = Weather;
			productReference = 0A31C1B52947C43F00E4730E /* Weather.app */;
			productType = "com.apple.product-type.application";
		};
/* End PBXNativeTarget section */

/* Begin PBXProject section */
		0A31C1AD2947C43E00E4730E /* Project object */ = {
			isa = PBXProject;
			attributes = {
				BuildIndependentTargetsInParallel = 1;
				LastSwiftUpdateCheck = 1410;
				LastUpgradeCheck = 1410;
				TargetAttributes = {
					0A31C1B42947C43F00E4730E = {
						CreatedOnToolsVersion = 14.1;
					};
				};
			};
			buildConfigurationList = 0A31C1B02947C43E00E4730E /* Build configuration list for PBXProject "Weather" */;
			compatibilityVersion = "Xcode 14.0";
			developmentRegion = en;
			hasScannedForEncodings = 0;
			knownRegions = (
				en,
				Base,
			);
			mainGroup = 0A31C1AC2947C43E00E4730E;
			packageReferences = (
				0AD8FDDB29550CB100606CA6 /* XCRemoteSwiftPackageReference "Charts" */,
			);
			productRefGroup = 0A31C1B62947C43F00E4730E /* Products */;
			projectDirPath = "";
			projectRoot = "";
			targets = (
				0A31C1B42947C43F00E4730E /* Weather */,
			);
		};
/* End PBXProject section */

/* Begin PBXResourcesBuildPhase section */
		0A31C1B32947C43F00E4730E /* Resources */ = {
			isa = PBXResourcesBuildPhase;
			buildActionMask = 2147483647;
			files = (
				0A31C1C52947C43F00E4730E /* Assets.xcassets in Resources */,
				0AAAD3A7294B6D0500537104 /* Rubik-Regular.ttf in Resources */,
				0AAAD3A6294B6D0500537104 /* Rubik-ExtraBold.ttf in Resources */,
				0AAAD3A3294B6D0500537104 /* Rubik-LightItalic.ttf in Resources */,
				0AAAD3A5294B6D0500537104 /* Rubik-BlackItalic.ttf in Resources */,
				0AAAD39C294B6D0500537104 /* Rubik-Bold.ttf in Resources */,
				0AAAD3A1294B6D0500537104 /* Rubik-Black.ttf in Resources */,
				0AAAD39E294B6D0500537104 /* Rubik-Light.ttf in Resources */,
				0AAAD39F294B6D0500537104 /* Rubik-Medium.ttf in Resources */,
				0AAAD3A2294B6D0500537104 /* Rubik-Italic.ttf in Resources */,
				0AAAD3A8294B6D0500537104 /* Rubik-BoldItalic.ttf in Resources */,
				0AAAD39B294B6D0500537104 /* Rubik-MediumItalic.ttf in Resources */,
				0AAAD3A4294B6D0500537104 /* Rubik-SemiBold.ttf in Resources */,
				0AAAD3A0294B6D0500537104 /* Rubik-ExtraBoldItalic.ttf in Resources */,
				0AAAD39D294B6D0500537104 /* Rubik-SemiBoldItalic.ttf in Resources */,
			);
			runOnlyForDeploymentPostprocessing = 0;
		};
/* End PBXResourcesBuildPhase section */

/* Begin PBXSourcesBuildPhase section */
		0A31C1B12947C43F00E4730E /* Sources */ = {
			isa = PBXSourcesBuildPhase;
			buildActionMask = 2147483647;
			files = (
				0AF60400295C4934000F22E7 /* NetworkManager.swift in Sources */,
				0A1214C029491D94002A256B /* BlankCityViewController.swift in Sources */,
				0A31C1C32947C43F00E4730E /* Weather.xcdatamodeld in Sources */,
				0AAAD3AA294C9D0500537104 /* CityControllerHours.swift in Sources */,
				0A1214C629491F6C002A256B /* AllDayViewController.swift in Sources */,
				0AAAD3B2294E20DD00537104 /* CityControllerDaysHeader.swift in Sources */,
				0A31C1D42948A9AC00E4730E /* SettingsManager.swift in Sources */,
				0AF603FA2955345A000F22E7 /* DayDetailView.swift in Sources */,
				0A31C1D62949142500E4730E /* LocationManager.swift in Sources */,
				0AF603FC295ADCF3000F22E7 /* SettingsSwitch.swift in Sources */,
				0AAAD3AC294C9DA000537104 /* DayHoursIconModel.swift in Sources */,
				0AAAD3B4294E327400537104 /* CityControllerDayCell.swift in Sources */,
				0A1214C429491F4F002A256B /* HoursViewController.swift in Sources */,
				0A31C1D02948A70300E4730E /* MainCoordinator.swift in Sources */,
				0AF603FE295AF27D000F22E7 /* CityNamePicker.swift in Sources */,
				0AAAD3B6294E42A100537104 /* CityDaysModel.swift in Sources */,
				0A1214CE294A16DB002A256B /* CityControllerHeader.swift in Sources */,
				0A1214C229491F3C002A256B /* CityViewController.swift in Sources */,
				0A31C1B92947C43F00E4730E /* AppDelegate.swift in Sources */,
				0AAAD3AE294DF37600537104 /* HoursCollectionViewCell.swift in Sources */,
				0A1214BE29491C9E002A256B /* CitiesPageController.swift in Sources */,
				0AF60402295C7BE7000F22E7 /* CityDataCodable.swift in Sources */,
				0AD8FDDA2951C77000606CA6 /* HoursControllerCell.swift in Sources */,
				0A31C1D22948A76D00E4730E /* OnBoardingViewController.swift in Sources */,
				0A1214D2294B3EFF002A256B /* DayMiniModel.swift in Sources */,
				0AAAD3B0294E197E00537104 /* WeatherIconManager.swift in Sources */,
				0A1214C829491F80002A256B /* SettingsViewController.swift in Sources */,
				0A1214CB294922CB002A256B /* StorageManager.swift in Sources */,
			);
			runOnlyForDeploymentPostprocessing = 0;
		};
/* End PBXSourcesBuildPhase section */

/* Begin XCBuildConfiguration section */
		0A31C1CA2947C43F00E4730E /* Debug */ = {
			isa = XCBuildConfiguration;
			buildSettings = {
				ALWAYS_SEARCH_USER_PATHS = NO;
				CLANG_ANALYZER_NONNULL = YES;
				CLANG_ANALYZER_NUMBER_OBJECT_CONVERSION = YES_AGGRESSIVE;
				CLANG_CXX_LANGUAGE_STANDARD = "gnu++20";
				CLANG_ENABLE_MODULES = YES;
				CLANG_ENABLE_OBJC_ARC = YES;
				CLANG_ENABLE_OBJC_WEAK = YES;
				CLANG_WARN_BLOCK_CAPTURE_AUTORELEASING = YES;
				CLANG_WARN_BOOL_CONVERSION = YES;
				CLANG_WARN_COMMA = YES;
				CLANG_WARN_CONSTANT_CONVERSION = YES;
				CLANG_WARN_DEPRECATED_OBJC_IMPLEMENTATIONS = YES;
				CLANG_WARN_DIRECT_OBJC_ISA_USAGE = YES_ERROR;
				CLANG_WARN_DOCUMENTATION_COMMENTS = YES;
				CLANG_WARN_EMPTY_BODY = YES;
				CLANG_WARN_ENUM_CONVERSION = YES;
				CLANG_WARN_INFINITE_RECURSION = YES;
				CLANG_WARN_INT_CONVERSION = YES;
				CLANG_WARN_NON_LITERAL_NULL_CONVERSION = YES;
				CLANG_WARN_OBJC_IMPLICIT_RETAIN_SELF = YES;
				CLANG_WARN_OBJC_LITERAL_CONVERSION = YES;
				CLANG_WARN_OBJC_ROOT_CLASS = YES_ERROR;
				CLANG_WARN_QUOTED_INCLUDE_IN_FRAMEWORK_HEADER = YES;
				CLANG_WARN_RANGE_LOOP_ANALYSIS = YES;
				CLANG_WARN_STRICT_PROTOTYPES = YES;
				CLANG_WARN_SUSPICIOUS_MOVE = YES;
				CLANG_WARN_UNGUARDED_AVAILABILITY = YES_AGGRESSIVE;
				CLANG_WARN_UNREACHABLE_CODE = YES;
				CLANG_WARN__DUPLICATE_METHOD_MATCH = YES;
				COPY_PHASE_STRIP = NO;
				DEBUG_INFORMATION_FORMAT = dwarf;
				ENABLE_STRICT_OBJC_MSGSEND = YES;
				ENABLE_TESTABILITY = YES;
				GCC_C_LANGUAGE_STANDARD = gnu11;
				GCC_DYNAMIC_NO_PIC = NO;
				GCC_NO_COMMON_BLOCKS = YES;
				GCC_OPTIMIZATION_LEVEL = 0;
				GCC_PREPROCESSOR_DEFINITIONS = (
					"DEBUG=1",
					"$(inherited)",
				);
				GCC_WARN_64_TO_32_BIT_CONVERSION = YES;
				GCC_WARN_ABOUT_RETURN_TYPE = YES_ERROR;
				GCC_WARN_UNDECLARED_SELECTOR = YES;
				GCC_WARN_UNINITIALIZED_AUTOS = YES_AGGRESSIVE;
				GCC_WARN_UNUSED_FUNCTION = YES;
				GCC_WARN_UNUSED_VARIABLE = YES;
				IPHONEOS_DEPLOYMENT_TARGET = 16.1;
				MTL_ENABLE_DEBUG_INFO = INCLUDE_SOURCE;
				MTL_FAST_MATH = YES;
				ONLY_ACTIVE_ARCH = YES;
				SDKROOT = iphoneos;
				SWIFT_ACTIVE_COMPILATION_CONDITIONS = DEBUG;
				SWIFT_OPTIMIZATION_LEVEL = "-Onone";
			};
			name = Debug;
		};
		0A31C1CB2947C43F00E4730E /* Release */ = {
			isa = XCBuildConfiguration;
			buildSettings = {
				ALWAYS_SEARCH_USER_PATHS = NO;
				CLANG_ANALYZER_NONNULL = YES;
				CLANG_ANALYZER_NUMBER_OBJECT_CONVERSION = YES_AGGRESSIVE;
				CLANG_CXX_LANGUAGE_STANDARD = "gnu++20";
				CLANG_ENABLE_MODULES = YES;
				CLANG_ENABLE_OBJC_ARC = YES;
				CLANG_ENABLE_OBJC_WEAK = YES;
				CLANG_WARN_BLOCK_CAPTURE_AUTORELEASING = YES;
				CLANG_WARN_BOOL_CONVERSION = YES;
				CLANG_WARN_COMMA = YES;
				CLANG_WARN_CONSTANT_CONVERSION = YES;
				CLANG_WARN_DEPRECATED_OBJC_IMPLEMENTATIONS = YES;
				CLANG_WARN_DIRECT_OBJC_ISA_USAGE = YES_ERROR;
				CLANG_WARN_DOCUMENTATION_COMMENTS = YES;
				CLANG_WARN_EMPTY_BODY = YES;
				CLANG_WARN_ENUM_CONVERSION = YES;
				CLANG_WARN_INFINITE_RECURSION = YES;
				CLANG_WARN_INT_CONVERSION = YES;
				CLANG_WARN_NON_LITERAL_NULL_CONVERSION = YES;
				CLANG_WARN_OBJC_IMPLICIT_RETAIN_SELF = YES;
				CLANG_WARN_OBJC_LITERAL_CONVERSION = YES;
				CLANG_WARN_OBJC_ROOT_CLASS = YES_ERROR;
				CLANG_WARN_QUOTED_INCLUDE_IN_FRAMEWORK_HEADER = YES;
				CLANG_WARN_RANGE_LOOP_ANALYSIS = YES;
				CLANG_WARN_STRICT_PROTOTYPES = YES;
				CLANG_WARN_SUSPICIOUS_MOVE = YES;
				CLANG_WARN_UNGUARDED_AVAILABILITY = YES_AGGRESSIVE;
				CLANG_WARN_UNREACHABLE_CODE = YES;
				CLANG_WARN__DUPLICATE_METHOD_MATCH = YES;
				COPY_PHASE_STRIP = NO;
				DEBUG_INFORMATION_FORMAT = "dwarf-with-dsym";
				ENABLE_NS_ASSERTIONS = NO;
				ENABLE_STRICT_OBJC_MSGSEND = YES;
				GCC_C_LANGUAGE_STANDARD = gnu11;
				GCC_NO_COMMON_BLOCKS = YES;
				GCC_WARN_64_TO_32_BIT_CONVERSION = YES;
				GCC_WARN_ABOUT_RETURN_TYPE = YES_ERROR;
				GCC_WARN_UNDECLARED_SELECTOR = YES;
				GCC_WARN_UNINITIALIZED_AUTOS = YES_AGGRESSIVE;
				GCC_WARN_UNUSED_FUNCTION = YES;
				GCC_WARN_UNUSED_VARIABLE = YES;
				IPHONEOS_DEPLOYMENT_TARGET = 16.1;
				MTL_ENABLE_DEBUG_INFO = NO;
				MTL_FAST_MATH = YES;
				SDKROOT = iphoneos;
				SWIFT_COMPILATION_MODE = wholemodule;
				SWIFT_OPTIMIZATION_LEVEL = "-O";
				VALIDATE_PRODUCT = YES;
			};
			name = Release;
		};
		0A31C1CD2947C43F00E4730E /* Debug */ = {
			isa = XCBuildConfiguration;
			buildSettings = {
				ASSETCATALOG_COMPILER_APPICON_NAME = AppIcon;
				ASSETCATALOG_COMPILER_GLOBAL_ACCENT_COLOR_NAME = AccentColor;
				CODE_SIGN_STYLE = Automatic;
				CURRENT_PROJECT_VERSION = 1;
				DEVELOPMENT_TEAM = 76ZWQT2P26;
				GENERATE_INFOPLIST_FILE = YES;
				INFOPLIST_FILE = Weather/Info.plist;
				INFOPLIST_KEY_UIApplicationSupportsIndirectInputEvents = YES;
				INFOPLIST_KEY_UILaunchStoryboardName = LaunchScreen;
				INFOPLIST_KEY_UISupportedInterfaceOrientations_iPad = "UIInterfaceOrientationPortrait UIInterfaceOrientationPortraitUpsideDown UIInterfaceOrientationLandscapeLeft UIInterfaceOrientationLandscapeRight";
				INFOPLIST_KEY_UISupportedInterfaceOrientations_iPhone = "UIInterfaceOrientationPortrait UIInterfaceOrientationLandscapeLeft UIInterfaceOrientationLandscapeRight";
				LD_RUNPATH_SEARCH_PATHS = (
					"$(inherited)",
					"@executable_path/Frameworks",
				);
				MARKETING_VERSION = 1.0;
				PRODUCT_BUNDLE_IDENTIFIER = "Dmitry-Fedotov.Weather";
				PRODUCT_NAME = "$(TARGET_NAME)";
				SWIFT_EMIT_LOC_STRINGS = YES;
				SWIFT_VERSION = 5.0;
				TARGETED_DEVICE_FAMILY = "1,2";
			};
			name = Debug;
		};
		0A31C1CE2947C43F00E4730E /* Release */ = {
			isa = XCBuildConfiguration;
			buildSettings = {
				ASSETCATALOG_COMPILER_APPICON_NAME = AppIcon;
				ASSETCATALOG_COMPILER_GLOBAL_ACCENT_COLOR_NAME = AccentColor;
				CODE_SIGN_STYLE = Automatic;
				CURRENT_PROJECT_VERSION = 1;
				DEVELOPMENT_TEAM = 76ZWQT2P26;
				GENERATE_INFOPLIST_FILE = YES;
				INFOPLIST_FILE = Weather/Info.plist;
				INFOPLIST_KEY_UIApplicationSupportsIndirectInputEvents = YES;
				INFOPLIST_KEY_UILaunchStoryboardName = LaunchScreen;
				INFOPLIST_KEY_UISupportedInterfaceOrientations_iPad = "UIInterfaceOrientationPortrait UIInterfaceOrientationPortraitUpsideDown UIInterfaceOrientationLandscapeLeft UIInterfaceOrientationLandscapeRight";
				INFOPLIST_KEY_UISupportedInterfaceOrientations_iPhone = "UIInterfaceOrientationPortrait UIInterfaceOrientationLandscapeLeft UIInterfaceOrientationLandscapeRight";
				LD_RUNPATH_SEARCH_PATHS = (
					"$(inherited)",
					"@executable_path/Frameworks",
				);
				MARKETING_VERSION = 1.0;
				PRODUCT_BUNDLE_IDENTIFIER = "Dmitry-Fedotov.Weather";
				PRODUCT_NAME = "$(TARGET_NAME)";
				SWIFT_EMIT_LOC_STRINGS = YES;
				SWIFT_VERSION = 5.0;
				TARGETED_DEVICE_FAMILY = "1,2";
			};
			name = Release;
		};
/* End XCBuildConfiguration section */

/* Begin XCConfigurationList section */
		0A31C1B02947C43E00E4730E /* Build configuration list for PBXProject "Weather" */ = {
			isa = XCConfigurationList;
			buildConfigurations = (
				0A31C1CA2947C43F00E4730E /* Debug */,
				0A31C1CB2947C43F00E4730E /* Release */,
			);
			defaultConfigurationIsVisible = 0;
			defaultConfigurationName = Release;
		};
		0A31C1CC2947C43F00E4730E /* Build configuration list for PBXNativeTarget "Weather" */ = {
			isa = XCConfigurationList;
			buildConfigurations = (
				0A31C1CD2947C43F00E4730E /* Debug */,
				0A31C1CE2947C43F00E4730E /* Release */,
			);
			defaultConfigurationIsVisible = 0;
			defaultConfigurationName = Release;
		};
/* End XCConfigurationList section */

/* Begin XCRemoteSwiftPackageReference section */
		0AD8FDDB29550CB100606CA6 /* XCRemoteSwiftPackageReference "Charts" */ = {
			isa = XCRemoteSwiftPackageReference;
			repositoryURL = "https://github.com/danielgindi/Charts";
			requirement = {
				branch = master;
				kind = branch;
			};
		};
/* End XCRemoteSwiftPackageReference section */

/* Begin XCSwiftPackageProductDependency section */
		0AD8FDDC29550CB200606CA6 /* Charts */ = {
			isa = XCSwiftPackageProductDependency;
			package = 0AD8FDDB29550CB100606CA6 /* XCRemoteSwiftPackageReference "Charts" */;
			productName = Charts;
		};
/* End XCSwiftPackageProductDependency section */

/* Begin XCVersionGroup section */
		0A31C1C12947C43F00E4730E /* Weather.xcdatamodeld */ = {
			isa = XCVersionGroup;
			children = (
				0A31C1C22947C43F00E4730E /* Weather.xcdatamodel */,
			);
			currentVersion = 0A31C1C22947C43F00E4730E /* Weather.xcdatamodel */;
			path = Weather.xcdatamodeld;
			sourceTree = "<group>";
			versionGroupType = wrapper.xcdatamodel;
		};
/* End XCVersionGroup section */
	};
	rootObject = 0A31C1AD2947C43E00E4730E /* Project object */;
}
